
Microsoft Visual Studio Solution File, Format Version 12.00
# Visual Studio Version 17
VisualStudioVersion = 17.3.32825.248
MinimumVisualStudioVersion = 10.0.40219.1
Project("{FAE04EC0-301F-11D3-BF4B-00C04F79EFBC}") = "BlazorChatApp.Server", "Server\BlazorChatApp.Server.csproj", "{7DA6ACEF-8046-46D8-A0B8-B89FC9C30886}"
EndProject
Project("{FAE04EC0-301F-11D3-BF4B-00C04F79EFBC}") = "BlazorChatApp.Client", "Client\BlazorChatApp.Client.csproj", "{B1FF5B63-22FA-429A-A8C6-75D82195ED08}"
EndProject
Project("{FAE04EC0-301F-11D3-BF4B-00C04F79EFBC}") = "BlazorChatApp.Shared", "Shared\BlazorChatApp.Shared.csproj", "{2031AF5F-88DF-449C-A86E-2FE6888950D6}"
EndProject
Global
	GlobalSection(SolutionConfigurationPlatforms) = preSolution
		Debug|Any CPU = Debug|Any CPU
		Release|Any CPU = Release|Any CPU
	EndGlobalSection
	GlobalSection(ProjectConfigurationPlatforms) = postSolution
		{7DA6ACEF-8046-46D8-A0B8-B89FC9C30886}.Debug|Any CPU.ActiveCfg = Debug|Any CPU
		{7DA6ACEF-8046-46D8-A0B8-B89FC9C30886}.Debug|Any CPU.Build.0 = Debug|Any CPU
		{7DA6ACEF-8046-46D8-A0B8-B89FC9C30886}.Release|Any CPU.ActiveCfg = Release|Any CPU
		{7DA6ACEF-8046-46D8-A0B8-B89FC9C30886}.Release|Any CPU.Build.0 = Release|Any CPU
		{B1FF5B63-22FA-429A-A8C6-75D82195ED08}.Debug|Any CPU.ActiveCfg = Debug|Any CPU
		{B1FF5B63-22FA-429A-A8C6-75D82195ED08}.Debug|Any CPU.Build.0 = Debug|Any CPU
		{B1FF5B63-22FA-429A-A8C6-75D82195ED08}.Release|Any CPU.ActiveCfg = Release|Any CPU
		{B1FF5B63-22FA-429A-A8C6-75D82195ED08}.Release|Any CPU.Build.0 = Release|Any CPU
		{2031AF5F-88DF-449C-A86E-2FE6888950D6}.Debug|Any CPU.ActiveCfg = Debug|Any CPU
		{2031AF5F-88DF-449C-A86E-2FE6888950D6}.Debug|Any CPU.Build.0 = Debug|Any CPU
		{2031AF5F-88DF-449C-A86E-2FE6888950D6}.Release|Any CPU.ActiveCfg = Release|Any CPU
		{2031AF5F-88DF-449C-A86E-2FE6888950D6}.Release|Any CPU.Build.0 = Release|Any CPU
	EndGlobalSection
	GlobalSection(SolutionProperties) = preSolution
		HideSolutionNode = FALSE
	EndGlobalSection
	GlobalSection(ExtensibilityGlobals) = postSolution
		SolutionGuid = {9DEA4809-BD12-4D97-BDC3-D8A9CE1B0D22}
	EndGlobalSection
EndGlobal
